
Microsoft Visual Studio Solution File, Format Version 10.00
# Visual Studio 2008
Project("{FAE04EC0-301F-11D3-BF4B-00C04F79EFBC}") = "smsgateway", "smsgateway\smsgateway.csproj", "{E8BF48A2-1527-45B6-A8E8-642C78CE209E}"
EndProject
Project("{FAE04EC0-301F-11D3-BF4B-00C04F79EFBC}") = "smsclient", "smsclient\smsclient.csproj", "{97FD39F3-36DC-43E1-9992-D8892D74D84E}"
EndProject
Project("{FAE04EC0-301F-11D3-BF4B-00C04F79EFBC}") = "sms", "sms\sms.csproj", "{5AC9A78D-8D70-4D82-805E-1DB5EB0E3E0A}"
EndProject
Project("{B900F1C2-3D47-4FEC-85B3-04AAF18C3634}") = "serverkurulum", "serverkurulum\serverkurulum.vddproj", "{A9B918BA-5D83-43FD-9DB9-96102B549D70}"
EndProject
Project("{FAE04EC0-301F-11D3-BF4B-00C04F79EFBC}") = "Barbardata", "barbardata\Barbardata.csproj", "{4CC833B1-966D-43FE-B6A0-5B7F3DF4C049}"
EndProject
Project("{FAE04EC0-301F-11D3-BF4B-00C04F79EFBC}") = "BarbardataMobile", "barbardataMobile\BarbardataMobile.csproj", "{35F6F71E-8505-4C07-8F97-59FB6362150C}"
EndProject
Global
	GlobalSection(SolutionConfigurationPlatforms) = preSolution
		Debug|Any CPU = Debug|Any CPU
		Release|Any CPU = Release|Any CPU
	EndGlobalSection
	GlobalSection(ProjectConfigurationPlatforms) = postSolution
		{E8BF48A2-1527-45B6-A8E8-642C78CE209E}.Debug|Any CPU.ActiveCfg = Debug|Any CPU
		{E8BF48A2-1527-45B6-A8E8-642C78CE209E}.Debug|Any CPU.Build.0 = Debug|Any CPU
		{E8BF48A2-1527-45B6-A8E8-642C78CE209E}.Debug|Any CPU.Deploy.0 = Debug|Any CPU
		{E8BF48A2-1527-45B6-A8E8-642C78CE209E}.Release|Any CPU.ActiveCfg = Release|Any CPU
		{E8BF48A2-1527-45B6-A8E8-642C78CE209E}.Release|Any CPU.Build.0 = Release|Any CPU
		{E8BF48A2-1527-45B6-A8E8-642C78CE209E}.Release|Any CPU.Deploy.0 = Release|Any CPU
		{97FD39F3-36DC-43E1-9992-D8892D74D84E}.Debug|Any CPU.ActiveCfg = Debug|Any CPU
		{97FD39F3-36DC-43E1-9992-D8892D74D84E}.Debug|Any CPU.Build.0 = Debug|Any CPU
		{97FD39F3-36DC-43E1-9992-D8892D74D84E}.Release|Any CPU.ActiveCfg = Release|Any CPU
		{97FD39F3-36DC-43E1-9992-D8892D74D84E}.Release|Any CPU.Build.0 = Release|Any CPU
		{5AC9A78D-8D70-4D82-805E-1DB5EB0E3E0A}.Debug|Any CPU.ActiveCfg = Debug|Any CPU
		{5AC9A78D-8D70-4D82-805E-1DB5EB0E3E0A}.Debug|Any CPU.Build.0 = Debug|Any CPU
		{5AC9A78D-8D70-4D82-805E-1DB5EB0E3E0A}.Debug|Any CPU.Deploy.0 = Debug|Any CPU
		{5AC9A78D-8D70-4D82-805E-1DB5EB0E3E0A}.Release|Any CPU.ActiveCfg = Release|Any CPU
		{5AC9A78D-8D70-4D82-805E-1DB5EB0E3E0A}.Release|Any CPU.Build.0 = Release|Any CPU
		{5AC9A78D-8D70-4D82-805E-1DB5EB0E3E0A}.Release|Any CPU.Deploy.0 = Release|Any CPU
		{A9B918BA-5D83-43FD-9DB9-96102B549D70}.Debug|Any CPU.ActiveCfg = Debug
		{A9B918BA-5D83-43FD-9DB9-96102B549D70}.Release|Any CPU.ActiveCfg = Release
		{4CC833B1-966D-43FE-B6A0-5B7F3DF4C049}.Debug|Any CPU.ActiveCfg = Debug|Any CPU
		{4CC833B1-966D-43FE-B6A0-5B7F3DF4C049}.Debug|Any CPU.Build.0 = Debug|Any CPU
		{4CC833B1-966D-43FE-B6A0-5B7F3DF4C049}.Release|Any CPU.ActiveCfg = Release|Any CPU
		{4CC833B1-966D-43FE-B6A0-5B7F3DF4C049}.Release|Any CPU.Build.0 = Release|Any CPU
		{35F6F71E-8505-4C07-8F97-59FB6362150C}.Debug|Any CPU.ActiveCfg = Debug|Any CPU
		{35F6F71E-8505-4C07-8F97-59FB6362150C}.Debug|Any CPU.Build.0 = Debug|Any CPU
		{35F6F71E-8505-4C07-8F97-59FB6362150C}.Release|Any CPU.ActiveCfg = Release|Any CPU
		{35F6F71E-8505-4C07-8F97-59FB6362150C}.Release|Any CPU.Build.0 = Release|Any CPU
	EndGlobalSection
	GlobalSection(SolutionProperties) = preSolution
		HideSolutionNode = FALSE
	EndGlobalSection
EndGlobal
